
Microsoft Visual Studio Solution File, Format Version 12.00
# Visual Studio Version 17
VisualStudioVersion = 17.4.33205.214
MinimumVisualStudioVersion = 10.0.40219.1
Project("{9A19103F-16F7-4668-BE54-9A1E7A4F7556}") = "PROJETOCSHARP", "PROJETOCSHARP.csproj", "{6787BA32-7933-4AD2-A1BB-D1196A93115E}"
EndProject
Project("{2150E333-8FDC-42A3-9474-1A3956D46DE8}") = "EstruturaDeControle", "EstruturaDeControle", "{861EAA6D-C688-49DE-9EE4-8ECBF4858655}"
	ProjectSection(SolutionItems) = preProject
		CONTINUE.cs = CONTINUE.cs
		EstruturaDoWhile.cs = EstruturaDoWhile.cs
		EstruturaFor.cs = EstruturaFor.cs
		EstruturaForEach.cs = EstruturaForEach.cs
		EstruturaIF.cs = EstruturaIF.cs
		EstruturaIfElse.cs = EstruturaIfElse.cs
		EstruturaIfElseIf.cs = EstruturaIfElseIf.cs
		EstruturaSwitch.cs = EstruturaSwitch.cs
		EstruturaWhile.cs = EstruturaWhile.cs
		UsoBreak.cs = UsoBreak.cs
	EndProjectSection
EndProject
Project("{2150E333-8FDC-42A3-9474-1A3956D46DE8}") = "ClassesEMetodos", "ClassesEMetodos", "{41A17440-F1A2-47BE-AF9F-7FB55F50EDF3}"
	ProjectSection(SolutionItems) = preProject
		AtributosEstaticos .cs = AtributosEstaticos .cs
		Construtores.cs = Construtores.cs
		DesafioAtributo.cs = DesafioAtributo.cs
		ExEnum.cs = ExEnum.cs
		GetSet.cs = GetSet.cs
		Membro.cs = Membro.cs
		MetodoaEstatico.cs = MetodoaEstatico.cs
		MetodosComRetorno.cs = MetodosComRetorno.cs
		ParamentrosNomeados.cs = ParamentrosNomeados.cs
		Params.cs = Params.cs
		Pessoa.cs = Pessoa.cs
		Props.cs = Props.cs
		ReadOnly.cs = ReadOnly.cs
		RefOut.cs = RefOut.cs
		Struct.cs = Struct.cs
		StrutcVsClasse.cs = StrutcVsClasse.cs
		ValorVsReferencia.cs = ValorVsReferencia.cs
	EndProjectSection
EndProject
Global
	GlobalSection(SolutionConfigurationPlatforms) = preSolution
		Debug|Any CPU = Debug|Any CPU
		Release|Any CPU = Release|Any CPU
	EndGlobalSection
	GlobalSection(ProjectConfigurationPlatforms) = postSolution
		{6787BA32-7933-4AD2-A1BB-D1196A93115E}.Debug|Any CPU.ActiveCfg = Debug|Any CPU
		{6787BA32-7933-4AD2-A1BB-D1196A93115E}.Debug|Any CPU.Build.0 = Debug|Any CPU
		{6787BA32-7933-4AD2-A1BB-D1196A93115E}.Release|Any CPU.ActiveCfg = Release|Any CPU
		{6787BA32-7933-4AD2-A1BB-D1196A93115E}.Release|Any CPU.Build.0 = Release|Any CPU
	EndGlobalSection
	GlobalSection(SolutionProperties) = preSolution
		HideSolutionNode = FALSE
	EndGlobalSection
	GlobalSection(ExtensibilityGlobals) = postSolution
		SolutionGuid = {311E623F-7FEB-4926-9795-928B04C9FD9B}
	EndGlobalSection
EndGlobal
