
Microsoft Visual Studio Solution File, Format Version 12.00
# Visual Studio Version 17
VisualStudioVersion = 17.4.33205.214
MinimumVisualStudioVersion = 10.0.40219.1
Project("{9A19103F-16F7-4668-BE54-9A1E7A4F7556}") = "PROJETOCSHARP", "PROJETOCSHARP.csproj", "{6787BA32-7933-4AD2-A1BB-D1196A93115E}"
EndProject
Project("{2150E333-8FDC-42A3-9474-1A3956D46DE8}") = "EstruturaDeControle", "EstruturaDeControle", "{861EAA6D-C688-49DE-9EE4-8ECBF4858655}"
	ProjectSection(SolutionItems) = preProject
		CONTINUE.cs = CONTINUE.cs
		EstruturaDoWhile.cs = EstruturaDoWhile.cs
		EstruturaFor.cs = EstruturaFor.cs
		EstruturaForEach.cs = EstruturaForEach.cs
		EstruturaIF.cs = EstruturaIF.cs
		EstruturaIfElse.cs = EstruturaIfElse.cs
		EstruturaIfElseIf.cs = EstruturaIfElseIf.cs
		EstruturaSwitch.cs = EstruturaSwitch.cs
		EstruturaWhile.cs = EstruturaWhile.cs
		UsoBreak.cs = UsoBreak.cs
	EndProjectSection
EndProject
Project("{2150E333-8FDC-42A3-9474-1A3956D46DE8}") = "ClassesEMetodos", "ClassesEMetodos", "{41A17440-F1A2-47BE-AF9F-7FB55F50EDF3}"
	ProjectSection(SolutionItems) = preProject
		AtributosEstaticos .cs = AtributosEstaticos .cs
		Construtores.cs = Construtores.cs
		DesafioAtributo.cs = DesafioAtributo.cs
		ExEnum.cs = ExEnum.cs
		GetSet.cs = GetSet.cs
		Membro.cs = Membro.cs
		MetodoaEstatico.cs = MetodoaEstatico.cs
		MetodosComRetorno.cs = MetodosComRetorno.cs
		ParamentrosNomeados.cs = ParamentrosNomeados.cs
		ParametroPadrao.cs = ParametroPadrao.cs
		Params.cs = Params.cs
		Pessoa.cs = Pessoa.cs
		Props.cs = Props.cs
		ReadOnly.cs = ReadOnly.cs
		RefOut.cs = RefOut.cs
		Struct.cs = Struct.cs
		StrutcVsClasse.cs = StrutcVsClasse.cs
		ValorVsReferencia.cs = ValorVsReferencia.cs
	EndProjectSection
EndProject
Project("{2150E333-8FDC-42A3-9474-1A3956D46DE8}") = "Coleções", "Coleções", "{A2B33D83-C571-4CF7-9ABA-A8A18804CC8B}"
	ProjectSection(SolutionItems) = preProject
		Array.cs = Array.cs
		ColecArrayList.cs = ColecArrayList.cs
		ColecList .cs = ColecList .cs
		ColecQueue.cs = ColecQueue.cs
		ColecsDictionary.cs = ColecsDictionary.cs
		ColecSet.cs = ColecSet.cs
		ColecStack.cs = ColecStack.cs
		Igualdade.cs = Igualdade.cs
	EndProjectSection
EndProject
Project("{2150E333-8FDC-42A3-9474-1A3956D46DE8}") = "O.O", "O.O", "{A9C27340-6411-4F06-9701-3BB2B14EBEF2}"
	ProjectSection(SolutionItems) = preProject
		Abstract.cs = Abstract.cs
		ConstrutorThis.cs = ConstrutorThis.cs
		Encapsulamento.cs = Encapsulamento.cs
		Herança.cs = Herança.cs
		Interface.cs = Interface.cs
		Polimorfismo.cs = Polimorfismo.cs
		Sealed.cs = Sealed.cs
	EndProjectSection
EndProject
Project("{9A19103F-16F7-4668-BE54-9A1E7A4F7556}") = "Encapsulamento", "..\Encapsulamento\Encapsulamento.csproj", "{A1582AF4-0FB1-466F-8406-869CDA0001C7}"
EndProject
Project("{2150E333-8FDC-42A3-9474-1A3956D46DE8}") = "MetodoEFunçoes", "MetodoEFunçoes", "{CB873CEF-EBD2-444B-BC3B-4B7A14EF993F}"
	ProjectSection(SolutionItems) = preProject
		DelegateComoParametros.cs = DelegateComoParametros.cs
		Lambda.cs = Lambda.cs
		LambdaDelegate.cs = LambdaDelegate.cs
		MetodosDeExtesao.cs = MetodosDeExtesao.cs
		UsandoDelegate.cs = UsandoDelegate.cs
	EndProjectSection
EndProject
Project("{2150E333-8FDC-42A3-9474-1A3956D46DE8}") = "Exceções", "Exceções", "{4C116106-5EB1-4238-8059-7A603C3C8588}"
	ProjectSection(SolutionItems) = preProject
		ExceçoesETratamentoDoErro.cs = ExceçoesETratamentoDoErro.cs
		ExceçoesPersonalizada.cs = ExceçoesPersonalizada.cs
	EndProjectSection
EndProject
Project("{2150E333-8FDC-42A3-9474-1A3956D46DE8}") = "API", "API", "{09FE63B8-BD98-4152-A948-29B16148B081}"
	ProjectSection(SolutionItems) = preProject
		Diretorios.cs = Diretorios.cs
		ExDateTime.cs = ExDateTime.cs
		ExDirectoryInfo.cs = ExDirectoryInfo.cs
		ExPath.cs = ExPath.cs
		FileInfo.cs = FileInfo.cs
		Lendados1.cs = Lendados1.cs
		PrimeiroArquivo.cs = PrimeiroArquivo.cs
		TimeSpan.cs = TimeSpan.cs
	EndProjectSection
EndProject
Project("{2150E333-8FDC-42A3-9474-1A3956D46DE8}") = "Topicos Avançados", "Topicos Avançados", "{BD1B6D7A-705A-41B2-B9DA-8FD1802EC785}"
	ProjectSection(SolutionItems) = preProject
		Dynamics.cs = Dynamics.cs
		LINQ1.cs = LINQ1.cs
		LINQ2.cs = LINQ2.cs
		Nullables.cs = Nullables.cs
	EndProjectSection
EndProject
Project("{2150E333-8FDC-42A3-9474-1A3956D46DE8}") = "Itens de Solução", "Itens de Solução", "{28B742A3-7B13-4BEF-9159-92C92135647A}"
	ProjectSection(SolutionItems) = preProject
		Genericos.cs = Genericos.cs
	EndProjectSection
EndProject
Global
	GlobalSection(SolutionConfigurationPlatforms) = preSolution
		Debug|Any CPU = Debug|Any CPU
		Release|Any CPU = Release|Any CPU
	EndGlobalSection
	GlobalSection(ProjectConfigurationPlatforms) = postSolution
		{6787BA32-7933-4AD2-A1BB-D1196A93115E}.Debug|Any CPU.ActiveCfg = Debug|Any CPU
		{6787BA32-7933-4AD2-A1BB-D1196A93115E}.Debug|Any CPU.Build.0 = Debug|Any CPU
		{6787BA32-7933-4AD2-A1BB-D1196A93115E}.Release|Any CPU.ActiveCfg = Release|Any CPU
		{6787BA32-7933-4AD2-A1BB-D1196A93115E}.Release|Any CPU.Build.0 = Release|Any CPU
		{A1582AF4-0FB1-466F-8406-869CDA0001C7}.Debug|Any CPU.ActiveCfg = Debug|Any CPU
		{A1582AF4-0FB1-466F-8406-869CDA0001C7}.Debug|Any CPU.Build.0 = Debug|Any CPU
		{A1582AF4-0FB1-466F-8406-869CDA0001C7}.Release|Any CPU.ActiveCfg = Release|Any CPU
		{A1582AF4-0FB1-466F-8406-869CDA0001C7}.Release|Any CPU.Build.0 = Release|Any CPU
	EndGlobalSection
	GlobalSection(SolutionProperties) = preSolution
		HideSolutionNode = FALSE
	EndGlobalSection
	GlobalSection(ExtensibilityGlobals) = postSolution
		SolutionGuid = {311E623F-7FEB-4926-9795-928B04C9FD9B}
	EndGlobalSection
EndGlobal
